
Microsoft Visual Studio Solution File, Format Version 12.00
Project("{FAE04EC0-301F-11D3-BF4B-00C04F79EFBC}") = "MuOp2023", "MuOp2023.csproj", "{3482AEF8-0F1B-44DA-8BC5-6C614E416C8E}"
EndProject
Global
	GlobalSection(SolutionConfigurationPlatforms) = preSolution
		Debug|Any CPU = Debug|Any CPU
		Release|Any CPU = Release|Any CPU
	EndGlobalSection
	GlobalSection(ProjectConfigurationPlatforms) = postSolution
		{3482AEF8-0F1B-44DA-8BC5-6C614E416C8E}.Debug|Any CPU.ActiveCfg = Debug|Any CPU
		{3482AEF8-0F1B-44DA-8BC5-6C614E416C8E}.Debug|Any CPU.Build.0 = Debug|Any CPU
		{3482AEF8-0F1B-44DA-8BC5-6C614E416C8E}.Release|Any CPU.ActiveCfg = Release|Any CPU
		{3482AEF8-0F1B-44DA-8BC5-6C614E416C8E}.Release|Any CPU.Build.0 = Release|Any CPU
	EndGlobalSection
EndGlobal
